
Microsoft Visual Studio Solution File, Format Version 12.00
# Visual Studio 2012
Project("{FAE04EC0-301F-11D3-BF4B-00C04F79EFBC}") = "Tes_01", "Tes_01\Tes_01.csproj", "{3A48100E-0693-464C-B2DA-584DF87E00CC}"
EndProject
Global
	GlobalSection(SolutionConfigurationPlatforms) = preSolution
		Debug|Any CPU = Debug|Any CPU
		Release|Any CPU = Release|Any CPU
	EndGlobalSection
	GlobalSection(ProjectConfigurationPlatforms) = postSolution
		{3A48100E-0693-464C-B2DA-584DF87E00CC}.Debug|Any CPU.ActiveCfg = Debug|Any CPU
		{3A48100E-0693-464C-B2DA-584DF87E00CC}.Debug|Any CPU.Build.0 = Debug|Any CPU
		{3A48100E-0693-464C-B2DA-584DF87E00CC}.Release|Any CPU.ActiveCfg = Release|Any CPU
		{3A48100E-0693-464C-B2DA-584DF87E00CC}.Release|Any CPU.Build.0 = Release|Any CPU
	EndGlobalSection
	GlobalSection(SolutionProperties) = preSolution
		HideSolutionNode = FALSE
	EndGlobalSection
EndGlobal
